
Microsoft Visual Studio Solution File, Format Version 12.00
# Visual Studio 2012
Project("{FAE04EC0-301F-11D3-BF4B-00C04F79EFBC}") = "TestWeb", "TestWeb\TestWeb.csproj", "{1BC2B266-3962-49CB-BAF3-72A9E2C3AFDC}"
EndProject
Project("{FAE04EC0-301F-11D3-BF4B-00C04F79EFBC}") = "TestWeb.Messages", "TestWeb.Messages\TestWeb.Messages.csproj", "{C95E80DB-B859-489F-91FB-23B160E61D68}"
EndProject
Project("{FAE04EC0-301F-11D3-BF4B-00C04F79EFBC}") = "TestWeb.Backend", "TestWeb.Backend\TestWeb.Backend.csproj", "{8C323124-ED96-40C6-A1FD-E8C4F93A2498}"
EndProject
Project("{2150E333-8FDC-42A3-9474-1A3956D46DE8}") = ".nuget", ".nuget", "{E9C2E5D4-5B55-4FA7-A605-E2F6A2EAA86B}"
	ProjectSection(SolutionItems) = preProject
		.nuget\NuGet.Config = .nuget\NuGet.Config
		.nuget\NuGet.exe = .nuget\NuGet.exe
		.nuget\NuGet.targets = .nuget\NuGet.targets
	EndProjectSection
EndProject
Global
	GlobalSection(SolutionConfigurationPlatforms) = preSolution
		Debug|Any CPU = Debug|Any CPU
		Release|Any CPU = Release|Any CPU
	EndGlobalSection
	GlobalSection(ProjectConfigurationPlatforms) = postSolution
		{1BC2B266-3962-49CB-BAF3-72A9E2C3AFDC}.Debug|Any CPU.ActiveCfg = Debug|Any CPU
		{1BC2B266-3962-49CB-BAF3-72A9E2C3AFDC}.Debug|Any CPU.Build.0 = Debug|Any CPU
		{1BC2B266-3962-49CB-BAF3-72A9E2C3AFDC}.Release|Any CPU.ActiveCfg = Release|Any CPU
		{1BC2B266-3962-49CB-BAF3-72A9E2C3AFDC}.Release|Any CPU.Build.0 = Release|Any CPU
		{C95E80DB-B859-489F-91FB-23B160E61D68}.Debug|Any CPU.ActiveCfg = Debug|Any CPU
		{C95E80DB-B859-489F-91FB-23B160E61D68}.Debug|Any CPU.Build.0 = Debug|Any CPU
		{C95E80DB-B859-489F-91FB-23B160E61D68}.Release|Any CPU.ActiveCfg = Release|Any CPU
		{C95E80DB-B859-489F-91FB-23B160E61D68}.Release|Any CPU.Build.0 = Release|Any CPU
		{8C323124-ED96-40C6-A1FD-E8C4F93A2498}.Debug|Any CPU.ActiveCfg = Debug|Any CPU
		{8C323124-ED96-40C6-A1FD-E8C4F93A2498}.Debug|Any CPU.Build.0 = Debug|Any CPU
		{8C323124-ED96-40C6-A1FD-E8C4F93A2498}.Release|Any CPU.ActiveCfg = Release|Any CPU
		{8C323124-ED96-40C6-A1FD-E8C4F93A2498}.Release|Any CPU.Build.0 = Release|Any CPU
	EndGlobalSection
	GlobalSection(SolutionProperties) = preSolution
		HideSolutionNode = FALSE
	EndGlobalSection
EndGlobal
